
Microsoft Visual Studio Solution File, Format Version 11.00
# Visual C# Express 2010
Project("{FAE04EC0-301F-11D3-BF4B-00C04F79EFBC}") = "WindowsGame8", "WindowsGame8\WindowsGame8.csproj", "{32D6DB25-6CD1-48F0-8434-7F03E116C1C3}"
EndProject
Project("{FAE04EC0-301F-11D3-BF4B-00C04F79EFBC}") = "JigLibX", "..\JigLibX 0.3.1\JigLibX\JigLibX.csproj", "{8A7CEF45-3501-491D-AEDA-0164060F5348}"
EndProject
Project("{FAE04EC0-301F-11D3-BF4B-00C04F79EFBC}") = "GenerateConfigXml", "GenerateConfigXml\GenerateConfigXml.csproj", "{03D598A2-5463-48B3-BF8A-AACCBD460FC7}"
	ProjectSection(ProjectDependencies) = postProject
		{A1740B3A-C4CB-4711-9980-1A5A85AB9DFF} = {A1740B3A-C4CB-4711-9980-1A5A85AB9DFF}
		{1FC1AF7B-B154-4363-8970-47A5D22FC04D} = {1FC1AF7B-B154-4363-8970-47A5D22FC04D}
	EndProjectSection
EndProject
Project("{FAE04EC0-301F-11D3-BF4B-00C04F79EFBC}") = "WindowsGame8Content", "WindowsGame8\Content\WindowsGame8Content.contentproj", "{45DBAED9-DEF7-4D5C-A374-523773E9EB63}"
EndProject
Project("{FAE04EC0-301F-11D3-BF4B-00C04F79EFBC}") = "TestContentProject", "TestContentProject\TestContentProject.csproj", "{DB00ADFE-3702-4F67-AC7D-05ECDEA4D342}"
EndProject
Project("{FAE04EC0-301F-11D3-BF4B-00C04F79EFBC}") = "Xna.Framework.Content.Pipeline", "Xna.Framework.Content.Pipeline\Xna.Framework.Content.Pipeline.csproj", "{234FFABB-8B31-4809-9FB7-DBE37A369A6D}"
EndProject
Project("{FAE04EC0-301F-11D3-BF4B-00C04F79EFBC}") = "Win.Framework", "Win.Framework\Win.Framework.csproj", "{35731EA3-AC76-4D34-906F-BF9BE7104C2A}"
EndProject
Project("{FAE04EC0-301F-11D3-BF4B-00C04F79EFBC}") = "Win.Xna.Framework", "Win.Xna.Framework\Win.Xna.Framework.csproj", "{A66BD99A-C7A8-4068-93DB-818309300317}"
EndProject
Project("{FAE04EC0-301F-11D3-BF4B-00C04F79EFBC}") = "Xna.Foundation", "Xna.Foundation\Xna.Foundation.csproj", "{1FC1AF7B-B154-4363-8970-47A5D22FC04D}"
EndProject
Project("{FAE04EC0-301F-11D3-BF4B-00C04F79EFBC}") = "Xna.Foundation.Cube", "Xna.Foundation.Cube\Xna.Foundation.Cube.csproj", "{A1740B3A-C4CB-4711-9980-1A5A85AB9DFF}"
EndProject
Project("{FAE04EC0-301F-11D3-BF4B-00C04F79EFBC}") = "Xna.Foundation.JigLib", "Xna.Foundation.JigLib\Xna.Foundation.JigLib.csproj", "{416A4220-5358-4393-ADD2-7AA8B7B72798}"
EndProject
Project("{FAE04EC0-301F-11D3-BF4B-00C04F79EFBC}") = "Xna.Foundation.JigLib.Cube", "Xna.Foundation.JigLib.Cube\Xna.Foundation.JigLib.Cube.csproj", "{7AD9DE09-1BCD-4260-8E32-6F2C8F57EE98}"
EndProject
Project("{FAE04EC0-301F-11D3-BF4B-00C04F79EFBC}") = "Xna.Framework.Content.Pipeline.Audio", "Xna.Framework.Content.Pipeline.Audio\Xna.Framework.Content.Pipeline.Audio.csproj", "{A7225BBB-0251-4C2C-ACA4-84DEE55721DA}"
EndProject
Project("{FAE04EC0-301F-11D3-BF4B-00C04F79EFBC}") = "Xna.Framework.Content", "Xna.Framework.Content\Xna.Framework.Content.csproj", "{194A3983-C21B-4250-8A66-A09E4946F4DA}"
EndProject
Project("{FAE04EC0-301F-11D3-BF4B-00C04F79EFBC}") = "Xna.Framework.Audio", "Xna.Framework.Audio\Xna.Framework.Audio.csproj", "{4E4F8661-75CA-4425-967E-93A82F7237F9}"
EndProject
Project("{FAE04EC0-301F-11D3-BF4B-00C04F79EFBC}") = "Xna.Framework.Input", "Xna.Framework.Input\Xna.Framework.Input.csproj", "{CA440307-B4D3-4151-AA53-B44D148FDB2E}"
EndProject
Project("{FAE04EC0-301F-11D3-BF4B-00C04F79EFBC}") = "Xna.Framework.Physics", "Xna.Framework.Physics\Xna.Framework.Physics.csproj", "{9E2D6D32-094D-4F7B-8871-EC5673D514D0}"
EndProject
Project("{FAE04EC0-301F-11D3-BF4B-00C04F79EFBC}") = "Xna.Framework.Content.Build", "Xna.Framework.Content.Build\Xna.Framework.Content.Build.csproj", "{FCECBB91-A9B8-42D6-B724-BE22093AB23A}"
EndProject
Project("{FAE04EC0-301F-11D3-BF4B-00C04F79EFBC}") = "Xna.Framework", "Xna.Framework\Xna.Framework.csproj", "{AAA7FCD2-9EE8-417C-9786-D6394E40ECE2}"
EndProject
Project("{FAE04EC0-301F-11D3-BF4B-00C04F79EFBC}") = "Xna.Foundation.Content.Pipeline", "Xna.Foundation.Content.Pipeline\Xna.Foundation.Content.Pipeline.csproj", "{4AAECDA3-79B3-4D4C-BA79-290EED47226B}"
EndProject
Project("{FAE04EC0-301F-11D3-BF4B-00C04F79EFBC}") = "Xna.Foundation.Content.Pipeline.Cube", "Xna.Foundation.Content.Pipeline.Cube\Xna.Foundation.Content.Pipeline.Cube.csproj", "{DA5739F7-5FCB-4CEC-82DE-5B946155BA83}"
EndProject
Project("{FAE04EC0-301F-11D3-BF4B-00C04F79EFBC}") = "Content.Studio", "Content.Studio\Content.Studio.csproj", "{8C39112B-CBB4-4F62-BC53-07588BE25BE9}"
EndProject
Project("{FAE04EC0-301F-11D3-BF4B-00C04F79EFBC}") = "Content.Studio.Plugin", "Content.Studio.Plugin\Content.Studio.Plugin.csproj", "{2EF03E81-710E-4FD4-9BCB-F18C2C1CC95E}"
EndProject
Project("{FAE04EC0-301F-11D3-BF4B-00C04F79EFBC}") = "Content.Studio.Plugin.Foundation.Cube", "Content.Studio.Plugin.Foundation.Cube\Content.Studio.Plugin.Foundation.Cube.csproj", "{0D192A45-4E43-4749-9BFE-4D590546DECA}"
EndProject
Project("{FAE04EC0-301F-11D3-BF4B-00C04F79EFBC}") = "Content.Studio.Plugin.Foundation", "Content.Studio.Plugin.Foundation\Content.Studio.Plugin.Foundation.csproj", "{ED7E980C-CA4B-465F-9BF0-C143FB66013C}"
EndProject
Project("{FAE04EC0-301F-11D3-BF4B-00C04F79EFBC}") = "AssemblyTest", "AssemblyTest\AssemblyTest.csproj", "{D7DB7743-B922-4330-80B8-980719D6347D}"
EndProject
Project("{FAE04EC0-301F-11D3-BF4B-00C04F79EFBC}") = "AssemblyTestLib", "AssemblyTestLib\AssemblyTestLib.csproj", "{9967029A-FF34-4FEF-B274-E67C71AD775F}"
EndProject
Project("{FAE04EC0-301F-11D3-BF4B-00C04F79EFBC}") = "Xna.Foundation.Mock", "Xna.Foundation.Mock\Xna.Foundation.Mock.csproj", "{FB2674B1-61A4-4CFB-986B-CB2DBB5F6B06}"
EndProject
Global
	GlobalSection(SolutionConfigurationPlatforms) = preSolution
		Debug|Any CPU = Debug|Any CPU
		Debug|Mixed Platforms = Debug|Mixed Platforms
		Debug|x86 = Debug|x86
		Debug|Xbox 360 = Debug|Xbox 360
		Debug|Zune = Debug|Zune
		Part1|Any CPU = Part1|Any CPU
		Part1|Mixed Platforms = Part1|Mixed Platforms
		Part1|x86 = Part1|x86
		Part1|Xbox 360 = Part1|Xbox 360
		Part1|Zune = Part1|Zune
		Release|Any CPU = Release|Any CPU
		Release|Mixed Platforms = Release|Mixed Platforms
		Release|x86 = Release|x86
		Release|Xbox 360 = Release|Xbox 360
		Release|Zune = Release|Zune
	EndGlobalSection
	GlobalSection(ProjectConfigurationPlatforms) = postSolution
		{32D6DB25-6CD1-48F0-8434-7F03E116C1C3}.Debug|Any CPU.ActiveCfg = Debug|x86
		{32D6DB25-6CD1-48F0-8434-7F03E116C1C3}.Debug|Mixed Platforms.ActiveCfg = Debug|x86
		{32D6DB25-6CD1-48F0-8434-7F03E116C1C3}.Debug|Mixed Platforms.Build.0 = Debug|x86
		{32D6DB25-6CD1-48F0-8434-7F03E116C1C3}.Debug|x86.ActiveCfg = Debug|x86
		{32D6DB25-6CD1-48F0-8434-7F03E116C1C3}.Debug|x86.Build.0 = Debug|x86
		{32D6DB25-6CD1-48F0-8434-7F03E116C1C3}.Debug|Xbox 360.ActiveCfg = Debug|x86
		{32D6DB25-6CD1-48F0-8434-7F03E116C1C3}.Debug|Zune.ActiveCfg = Debug|x86
		{32D6DB25-6CD1-48F0-8434-7F03E116C1C3}.Part1|Any CPU.ActiveCfg = Release|x86
		{32D6DB25-6CD1-48F0-8434-7F03E116C1C3}.Part1|Mixed Platforms.ActiveCfg = Release|x86
		{32D6DB25-6CD1-48F0-8434-7F03E116C1C3}.Part1|Mixed Platforms.Build.0 = Release|x86
		{32D6DB25-6CD1-48F0-8434-7F03E116C1C3}.Part1|x86.ActiveCfg = Release|x86
		{32D6DB25-6CD1-48F0-8434-7F03E116C1C3}.Part1|x86.Build.0 = Release|x86
		{32D6DB25-6CD1-48F0-8434-7F03E116C1C3}.Part1|Xbox 360.ActiveCfg = Release|x86
		{32D6DB25-6CD1-48F0-8434-7F03E116C1C3}.Part1|Zune.ActiveCfg = Release|x86
		{32D6DB25-6CD1-48F0-8434-7F03E116C1C3}.Release|Any CPU.ActiveCfg = Release|x86
		{32D6DB25-6CD1-48F0-8434-7F03E116C1C3}.Release|Mixed Platforms.ActiveCfg = Release|x86
		{32D6DB25-6CD1-48F0-8434-7F03E116C1C3}.Release|Mixed Platforms.Build.0 = Release|x86
		{32D6DB25-6CD1-48F0-8434-7F03E116C1C3}.Release|x86.ActiveCfg = Release|x86
		{32D6DB25-6CD1-48F0-8434-7F03E116C1C3}.Release|x86.Build.0 = Release|x86
		{32D6DB25-6CD1-48F0-8434-7F03E116C1C3}.Release|Xbox 360.ActiveCfg = Release|x86
		{32D6DB25-6CD1-48F0-8434-7F03E116C1C3}.Release|Zune.ActiveCfg = Release|x86
		{8A7CEF45-3501-491D-AEDA-0164060F5348}.Debug|Any CPU.ActiveCfg = Debug|x86
		{8A7CEF45-3501-491D-AEDA-0164060F5348}.Debug|Mixed Platforms.ActiveCfg = Debug|x86
		{8A7CEF45-3501-491D-AEDA-0164060F5348}.Debug|Mixed Platforms.Build.0 = Debug|x86
		{8A7CEF45-3501-491D-AEDA-0164060F5348}.Debug|x86.ActiveCfg = Debug|x86
		{8A7CEF45-3501-491D-AEDA-0164060F5348}.Debug|x86.Build.0 = Debug|x86
		{8A7CEF45-3501-491D-AEDA-0164060F5348}.Debug|Xbox 360.ActiveCfg = Debug|x86
		{8A7CEF45-3501-491D-AEDA-0164060F5348}.Debug|Zune.ActiveCfg = Debug|x86
		{8A7CEF45-3501-491D-AEDA-0164060F5348}.Part1|Any CPU.ActiveCfg = Release|x86
		{8A7CEF45-3501-491D-AEDA-0164060F5348}.Part1|Mixed Platforms.ActiveCfg = Release|x86
		{8A7CEF45-3501-491D-AEDA-0164060F5348}.Part1|Mixed Platforms.Build.0 = Release|x86
		{8A7CEF45-3501-491D-AEDA-0164060F5348}.Part1|x86.ActiveCfg = Release|x86
		{8A7CEF45-3501-491D-AEDA-0164060F5348}.Part1|x86.Build.0 = Release|x86
		{8A7CEF45-3501-491D-AEDA-0164060F5348}.Part1|Xbox 360.ActiveCfg = Release|x86
		{8A7CEF45-3501-491D-AEDA-0164060F5348}.Part1|Zune.ActiveCfg = Release|x86
		{8A7CEF45-3501-491D-AEDA-0164060F5348}.Release|Any CPU.ActiveCfg = Release|x86
		{8A7CEF45-3501-491D-AEDA-0164060F5348}.Release|Mixed Platforms.ActiveCfg = Release|x86
		{8A7CEF45-3501-491D-AEDA-0164060F5348}.Release|Mixed Platforms.Build.0 = Release|x86
		{8A7CEF45-3501-491D-AEDA-0164060F5348}.Release|x86.ActiveCfg = Release|x86
		{8A7CEF45-3501-491D-AEDA-0164060F5348}.Release|x86.Build.0 = Release|x86
		{8A7CEF45-3501-491D-AEDA-0164060F5348}.Release|Xbox 360.ActiveCfg = Release|x86
		{8A7CEF45-3501-491D-AEDA-0164060F5348}.Release|Zune.ActiveCfg = Release|x86
		{03D598A2-5463-48B3-BF8A-AACCBD460FC7}.Debug|Any CPU.ActiveCfg = Debug|Any CPU
		{03D598A2-5463-48B3-BF8A-AACCBD460FC7}.Debug|Any CPU.Build.0 = Debug|Any CPU
		{03D598A2-5463-48B3-BF8A-AACCBD460FC7}.Debug|Mixed Platforms.ActiveCfg = Debug|Any CPU
		{03D598A2-5463-48B3-BF8A-AACCBD460FC7}.Debug|Mixed Platforms.Build.0 = Debug|Any CPU
		{03D598A2-5463-48B3-BF8A-AACCBD460FC7}.Debug|x86.ActiveCfg = Debug|Any CPU
		{03D598A2-5463-48B3-BF8A-AACCBD460FC7}.Debug|Xbox 360.ActiveCfg = Debug|Any CPU
		{03D598A2-5463-48B3-BF8A-AACCBD460FC7}.Debug|Zune.ActiveCfg = Debug|Any CPU
		{03D598A2-5463-48B3-BF8A-AACCBD460FC7}.Part1|Any CPU.ActiveCfg = Release|Any CPU
		{03D598A2-5463-48B3-BF8A-AACCBD460FC7}.Part1|Any CPU.Build.0 = Release|Any CPU
		{03D598A2-5463-48B3-BF8A-AACCBD460FC7}.Part1|Mixed Platforms.ActiveCfg = Release|Any CPU
		{03D598A2-5463-48B3-BF8A-AACCBD460FC7}.Part1|Mixed Platforms.Build.0 = Release|Any CPU
		{03D598A2-5463-48B3-BF8A-AACCBD460FC7}.Part1|x86.ActiveCfg = Release|Any CPU
		{03D598A2-5463-48B3-BF8A-AACCBD460FC7}.Part1|Xbox 360.ActiveCfg = Release|Any CPU
		{03D598A2-5463-48B3-BF8A-AACCBD460FC7}.Part1|Zune.ActiveCfg = Release|Any CPU
		{03D598A2-5463-48B3-BF8A-AACCBD460FC7}.Release|Any CPU.ActiveCfg = Release|Any CPU
		{03D598A2-5463-48B3-BF8A-AACCBD460FC7}.Release|Any CPU.Build.0 = Release|Any CPU
		{03D598A2-5463-48B3-BF8A-AACCBD460FC7}.Release|Mixed Platforms.ActiveCfg = Release|Any CPU
		{03D598A2-5463-48B3-BF8A-AACCBD460FC7}.Release|Mixed Platforms.Build.0 = Release|Any CPU
		{03D598A2-5463-48B3-BF8A-AACCBD460FC7}.Release|x86.ActiveCfg = Release|Any CPU
		{03D598A2-5463-48B3-BF8A-AACCBD460FC7}.Release|Xbox 360.ActiveCfg = Release|Any CPU
		{03D598A2-5463-48B3-BF8A-AACCBD460FC7}.Release|Zune.ActiveCfg = Release|Any CPU
		{45DBAED9-DEF7-4D5C-A374-523773E9EB63}.Debug|Any CPU.ActiveCfg = Debug|x86
		{45DBAED9-DEF7-4D5C-A374-523773E9EB63}.Debug|Mixed Platforms.ActiveCfg = Debug|x86
		{45DBAED9-DEF7-4D5C-A374-523773E9EB63}.Debug|x86.ActiveCfg = Debug|x86
		{45DBAED9-DEF7-4D5C-A374-523773E9EB63}.Debug|Xbox 360.ActiveCfg = Debug|x86
		{45DBAED9-DEF7-4D5C-A374-523773E9EB63}.Debug|Zune.ActiveCfg = Debug|x86
		{45DBAED9-DEF7-4D5C-A374-523773E9EB63}.Part1|Any CPU.ActiveCfg = Release|x86
		{45DBAED9-DEF7-4D5C-A374-523773E9EB63}.Part1|Mixed Platforms.ActiveCfg = Release|x86
		{45DBAED9-DEF7-4D5C-A374-523773E9EB63}.Part1|x86.ActiveCfg = Release|x86
		{45DBAED9-DEF7-4D5C-A374-523773E9EB63}.Part1|Xbox 360.ActiveCfg = Release|x86
		{45DBAED9-DEF7-4D5C-A374-523773E9EB63}.Part1|Zune.ActiveCfg = Release|x86
		{45DBAED9-DEF7-4D5C-A374-523773E9EB63}.Release|Any CPU.ActiveCfg = Release|x86
		{45DBAED9-DEF7-4D5C-A374-523773E9EB63}.Release|Mixed Platforms.ActiveCfg = Release|x86
		{45DBAED9-DEF7-4D5C-A374-523773E9EB63}.Release|x86.ActiveCfg = Release|x86
		{45DBAED9-DEF7-4D5C-A374-523773E9EB63}.Release|Xbox 360.ActiveCfg = Release|x86
		{45DBAED9-DEF7-4D5C-A374-523773E9EB63}.Release|Zune.ActiveCfg = Release|x86
		{DB00ADFE-3702-4F67-AC7D-05ECDEA4D342}.Debug|Any CPU.ActiveCfg = Debug|x86
		{DB00ADFE-3702-4F67-AC7D-05ECDEA4D342}.Debug|Mixed Platforms.ActiveCfg = Debug|x86
		{DB00ADFE-3702-4F67-AC7D-05ECDEA4D342}.Debug|Mixed Platforms.Build.0 = Debug|x86
		{DB00ADFE-3702-4F67-AC7D-05ECDEA4D342}.Debug|x86.ActiveCfg = Debug|x86
		{DB00ADFE-3702-4F67-AC7D-05ECDEA4D342}.Debug|x86.Build.0 = Debug|x86
		{DB00ADFE-3702-4F67-AC7D-05ECDEA4D342}.Debug|Xbox 360.ActiveCfg = Debug|x86
		{DB00ADFE-3702-4F67-AC7D-05ECDEA4D342}.Debug|Zune.ActiveCfg = Debug|x86
		{DB00ADFE-3702-4F67-AC7D-05ECDEA4D342}.Part1|Any CPU.ActiveCfg = Release|x86
		{DB00ADFE-3702-4F67-AC7D-05ECDEA4D342}.Part1|Mixed Platforms.ActiveCfg = Release|x86
		{DB00ADFE-3702-4F67-AC7D-05ECDEA4D342}.Part1|Mixed Platforms.Build.0 = Release|x86
		{DB00ADFE-3702-4F67-AC7D-05ECDEA4D342}.Part1|x86.ActiveCfg = Release|x86
		{DB00ADFE-3702-4F67-AC7D-05ECDEA4D342}.Part1|x86.Build.0 = Release|x86
		{DB00ADFE-3702-4F67-AC7D-05ECDEA4D342}.Part1|Xbox 360.ActiveCfg = Release|x86
		{DB00ADFE-3702-4F67-AC7D-05ECDEA4D342}.Part1|Zune.ActiveCfg = Release|x86
		{DB00ADFE-3702-4F67-AC7D-05ECDEA4D342}.Release|Any CPU.ActiveCfg = Release|x86
		{DB00ADFE-3702-4F67-AC7D-05ECDEA4D342}.Release|Mixed Platforms.ActiveCfg = Release|x86
		{DB00ADFE-3702-4F67-AC7D-05ECDEA4D342}.Release|Mixed Platforms.Build.0 = Release|x86
		{DB00ADFE-3702-4F67-AC7D-05ECDEA4D342}.Release|x86.ActiveCfg = Release|x86
		{DB00ADFE-3702-4F67-AC7D-05ECDEA4D342}.Release|x86.Build.0 = Release|x86
		{DB00ADFE-3702-4F67-AC7D-05ECDEA4D342}.Release|Xbox 360.ActiveCfg = Release|x86
		{DB00ADFE-3702-4F67-AC7D-05ECDEA4D342}.Release|Zune.ActiveCfg = Release|x86
		{234FFABB-8B31-4809-9FB7-DBE37A369A6D}.Debug|Any CPU.ActiveCfg = Debug|Any CPU
		{234FFABB-8B31-4809-9FB7-DBE37A369A6D}.Debug|Any CPU.Build.0 = Debug|Any CPU
		{234FFABB-8B31-4809-9FB7-DBE37A369A6D}.Debug|Mixed Platforms.ActiveCfg = Debug|Any CPU
		{234FFABB-8B31-4809-9FB7-DBE37A369A6D}.Debug|Mixed Platforms.Build.0 = Debug|Any CPU
		{234FFABB-8B31-4809-9FB7-DBE37A369A6D}.Debug|x86.ActiveCfg = Debug|Any CPU
		{234FFABB-8B31-4809-9FB7-DBE37A369A6D}.Debug|Xbox 360.ActiveCfg = Debug|Any CPU
		{234FFABB-8B31-4809-9FB7-DBE37A369A6D}.Debug|Zune.ActiveCfg = Debug|Any CPU
		{234FFABB-8B31-4809-9FB7-DBE37A369A6D}.Part1|Any CPU.ActiveCfg = Release|Any CPU
		{234FFABB-8B31-4809-9FB7-DBE37A369A6D}.Part1|Any CPU.Build.0 = Release|Any CPU
		{234FFABB-8B31-4809-9FB7-DBE37A369A6D}.Part1|Mixed Platforms.ActiveCfg = Release|Any CPU
		{234FFABB-8B31-4809-9FB7-DBE37A369A6D}.Part1|Mixed Platforms.Build.0 = Release|Any CPU
		{234FFABB-8B31-4809-9FB7-DBE37A369A6D}.Part1|x86.ActiveCfg = Release|Any CPU
		{234FFABB-8B31-4809-9FB7-DBE37A369A6D}.Part1|Xbox 360.ActiveCfg = Release|Any CPU
		{234FFABB-8B31-4809-9FB7-DBE37A369A6D}.Part1|Zune.ActiveCfg = Release|Any CPU
		{234FFABB-8B31-4809-9FB7-DBE37A369A6D}.Release|Any CPU.ActiveCfg = Release|Any CPU
		{234FFABB-8B31-4809-9FB7-DBE37A369A6D}.Release|Any CPU.Build.0 = Release|Any CPU
		{234FFABB-8B31-4809-9FB7-DBE37A369A6D}.Release|Mixed Platforms.ActiveCfg = Release|Any CPU
		{234FFABB-8B31-4809-9FB7-DBE37A369A6D}.Release|Mixed Platforms.Build.0 = Release|Any CPU
		{234FFABB-8B31-4809-9FB7-DBE37A369A6D}.Release|x86.ActiveCfg = Release|Any CPU
		{234FFABB-8B31-4809-9FB7-DBE37A369A6D}.Release|Xbox 360.ActiveCfg = Release|Any CPU
		{234FFABB-8B31-4809-9FB7-DBE37A369A6D}.Release|Zune.ActiveCfg = Release|Any CPU
		{35731EA3-AC76-4D34-906F-BF9BE7104C2A}.Debug|Any CPU.ActiveCfg = Debug|Any CPU
		{35731EA3-AC76-4D34-906F-BF9BE7104C2A}.Debug|Any CPU.Build.0 = Debug|Any CPU
		{35731EA3-AC76-4D34-906F-BF9BE7104C2A}.Debug|Mixed Platforms.ActiveCfg = Debug|Any CPU
		{35731EA3-AC76-4D34-906F-BF9BE7104C2A}.Debug|Mixed Platforms.Build.0 = Debug|Any CPU
		{35731EA3-AC76-4D34-906F-BF9BE7104C2A}.Debug|x86.ActiveCfg = Debug|Any CPU
		{35731EA3-AC76-4D34-906F-BF9BE7104C2A}.Debug|Xbox 360.ActiveCfg = Debug|Any CPU
		{35731EA3-AC76-4D34-906F-BF9BE7104C2A}.Debug|Zune.ActiveCfg = Debug|Any CPU
		{35731EA3-AC76-4D34-906F-BF9BE7104C2A}.Part1|Any CPU.ActiveCfg = Release|Any CPU
		{35731EA3-AC76-4D34-906F-BF9BE7104C2A}.Part1|Any CPU.Build.0 = Release|Any CPU
		{35731EA3-AC76-4D34-906F-BF9BE7104C2A}.Part1|Mixed Platforms.ActiveCfg = Release|Any CPU
		{35731EA3-AC76-4D34-906F-BF9BE7104C2A}.Part1|Mixed Platforms.Build.0 = Release|Any CPU
		{35731EA3-AC76-4D34-906F-BF9BE7104C2A}.Part1|x86.ActiveCfg = Release|Any CPU
		{35731EA3-AC76-4D34-906F-BF9BE7104C2A}.Part1|Xbox 360.ActiveCfg = Release|Any CPU
		{35731EA3-AC76-4D34-906F-BF9BE7104C2A}.Part1|Zune.ActiveCfg = Release|Any CPU
		{35731EA3-AC76-4D34-906F-BF9BE7104C2A}.Release|Any CPU.ActiveCfg = Release|Any CPU
		{35731EA3-AC76-4D34-906F-BF9BE7104C2A}.Release|Any CPU.Build.0 = Release|Any CPU
		{35731EA3-AC76-4D34-906F-BF9BE7104C2A}.Release|Mixed Platforms.ActiveCfg = Release|Any CPU
		{35731EA3-AC76-4D34-906F-BF9BE7104C2A}.Release|Mixed Platforms.Build.0 = Release|Any CPU
		{35731EA3-AC76-4D34-906F-BF9BE7104C2A}.Release|x86.ActiveCfg = Release|Any CPU
		{35731EA3-AC76-4D34-906F-BF9BE7104C2A}.Release|Xbox 360.ActiveCfg = Release|Any CPU
		{35731EA3-AC76-4D34-906F-BF9BE7104C2A}.Release|Zune.ActiveCfg = Release|Any CPU
		{A66BD99A-C7A8-4068-93DB-818309300317}.Debug|Any CPU.ActiveCfg = Debug|Any CPU
		{A66BD99A-C7A8-4068-93DB-818309300317}.Debug|Any CPU.Build.0 = Debug|Any CPU
		{A66BD99A-C7A8-4068-93DB-818309300317}.Debug|Mixed Platforms.ActiveCfg = Debug|Any CPU
		{A66BD99A-C7A8-4068-93DB-818309300317}.Debug|Mixed Platforms.Build.0 = Debug|Any CPU
		{A66BD99A-C7A8-4068-93DB-818309300317}.Debug|x86.ActiveCfg = Debug|Any CPU
		{A66BD99A-C7A8-4068-93DB-818309300317}.Debug|Xbox 360.ActiveCfg = Debug|Any CPU
		{A66BD99A-C7A8-4068-93DB-818309300317}.Debug|Zune.ActiveCfg = Debug|Any CPU
		{A66BD99A-C7A8-4068-93DB-818309300317}.Part1|Any CPU.ActiveCfg = Release|Any CPU
		{A66BD99A-C7A8-4068-93DB-818309300317}.Part1|Any CPU.Build.0 = Release|Any CPU
		{A66BD99A-C7A8-4068-93DB-818309300317}.Part1|Mixed Platforms.ActiveCfg = Release|Any CPU
		{A66BD99A-C7A8-4068-93DB-818309300317}.Part1|Mixed Platforms.Build.0 = Release|Any CPU
		{A66BD99A-C7A8-4068-93DB-818309300317}.Part1|x86.ActiveCfg = Release|Any CPU
		{A66BD99A-C7A8-4068-93DB-818309300317}.Part1|Xbox 360.ActiveCfg = Release|Any CPU
		{A66BD99A-C7A8-4068-93DB-818309300317}.Part1|Zune.ActiveCfg = Release|Any CPU
		{A66BD99A-C7A8-4068-93DB-818309300317}.Release|Any CPU.ActiveCfg = Release|Any CPU
		{A66BD99A-C7A8-4068-93DB-818309300317}.Release|Any CPU.Build.0 = Release|Any CPU
		{A66BD99A-C7A8-4068-93DB-818309300317}.Release|Mixed Platforms.ActiveCfg = Release|Any CPU
		{A66BD99A-C7A8-4068-93DB-818309300317}.Release|Mixed Platforms.Build.0 = Release|Any CPU
		{A66BD99A-C7A8-4068-93DB-818309300317}.Release|x86.ActiveCfg = Release|Any CPU
		{A66BD99A-C7A8-4068-93DB-818309300317}.Release|Xbox 360.ActiveCfg = Release|Any CPU
		{A66BD99A-C7A8-4068-93DB-818309300317}.Release|Zune.ActiveCfg = Release|Any CPU
		{1FC1AF7B-B154-4363-8970-47A5D22FC04D}.Debug|Any CPU.ActiveCfg = Debug|x86
		{1FC1AF7B-B154-4363-8970-47A5D22FC04D}.Debug|Mixed Platforms.ActiveCfg = Debug|x86
		{1FC1AF7B-B154-4363-8970-47A5D22FC04D}.Debug|Mixed Platforms.Build.0 = Debug|x86
		{1FC1AF7B-B154-4363-8970-47A5D22FC04D}.Debug|x86.ActiveCfg = Debug|x86
		{1FC1AF7B-B154-4363-8970-47A5D22FC04D}.Debug|x86.Build.0 = Debug|x86
		{1FC1AF7B-B154-4363-8970-47A5D22FC04D}.Debug|Xbox 360.ActiveCfg = Debug|x86
		{1FC1AF7B-B154-4363-8970-47A5D22FC04D}.Debug|Zune.ActiveCfg = Debug|x86
		{1FC1AF7B-B154-4363-8970-47A5D22FC04D}.Part1|Any CPU.ActiveCfg = Release|x86
		{1FC1AF7B-B154-4363-8970-47A5D22FC04D}.Part1|Mixed Platforms.ActiveCfg = Release|x86
		{1FC1AF7B-B154-4363-8970-47A5D22FC04D}.Part1|Mixed Platforms.Build.0 = Release|x86
		{1FC1AF7B-B154-4363-8970-47A5D22FC04D}.Part1|x86.ActiveCfg = Release|x86
		{1FC1AF7B-B154-4363-8970-47A5D22FC04D}.Part1|x86.Build.0 = Release|x86
		{1FC1AF7B-B154-4363-8970-47A5D22FC04D}.Part1|Xbox 360.ActiveCfg = Release|x86
		{1FC1AF7B-B154-4363-8970-47A5D22FC04D}.Part1|Zune.ActiveCfg = Release|x86
		{1FC1AF7B-B154-4363-8970-47A5D22FC04D}.Release|Any CPU.ActiveCfg = Release|x86
		{1FC1AF7B-B154-4363-8970-47A5D22FC04D}.Release|Mixed Platforms.ActiveCfg = Release|x86
		{1FC1AF7B-B154-4363-8970-47A5D22FC04D}.Release|Mixed Platforms.Build.0 = Release|x86
		{1FC1AF7B-B154-4363-8970-47A5D22FC04D}.Release|x86.ActiveCfg = Release|x86
		{1FC1AF7B-B154-4363-8970-47A5D22FC04D}.Release|x86.Build.0 = Release|x86
		{1FC1AF7B-B154-4363-8970-47A5D22FC04D}.Release|Xbox 360.ActiveCfg = Release|x86
		{1FC1AF7B-B154-4363-8970-47A5D22FC04D}.Release|Zune.ActiveCfg = Release|x86
		{A1740B3A-C4CB-4711-9980-1A5A85AB9DFF}.Debug|Any CPU.ActiveCfg = Debug|x86
		{A1740B3A-C4CB-4711-9980-1A5A85AB9DFF}.Debug|Mixed Platforms.ActiveCfg = Debug|x86
		{A1740B3A-C4CB-4711-9980-1A5A85AB9DFF}.Debug|Mixed Platforms.Build.0 = Debug|x86
		{A1740B3A-C4CB-4711-9980-1A5A85AB9DFF}.Debug|x86.ActiveCfg = Debug|x86
		{A1740B3A-C4CB-4711-9980-1A5A85AB9DFF}.Debug|x86.Build.0 = Debug|x86
		{A1740B3A-C4CB-4711-9980-1A5A85AB9DFF}.Debug|Xbox 360.ActiveCfg = Debug|x86
		{A1740B3A-C4CB-4711-9980-1A5A85AB9DFF}.Debug|Zune.ActiveCfg = Debug|x86
		{A1740B3A-C4CB-4711-9980-1A5A85AB9DFF}.Part1|Any CPU.ActiveCfg = Release|x86
		{A1740B3A-C4CB-4711-9980-1A5A85AB9DFF}.Part1|Mixed Platforms.ActiveCfg = Release|x86
		{A1740B3A-C4CB-4711-9980-1A5A85AB9DFF}.Part1|Mixed Platforms.Build.0 = Release|x86
		{A1740B3A-C4CB-4711-9980-1A5A85AB9DFF}.Part1|x86.ActiveCfg = Release|x86
		{A1740B3A-C4CB-4711-9980-1A5A85AB9DFF}.Part1|x86.Build.0 = Release|x86
		{A1740B3A-C4CB-4711-9980-1A5A85AB9DFF}.Part1|Xbox 360.ActiveCfg = Release|x86
		{A1740B3A-C4CB-4711-9980-1A5A85AB9DFF}.Part1|Zune.ActiveCfg = Release|x86
		{A1740B3A-C4CB-4711-9980-1A5A85AB9DFF}.Release|Any CPU.ActiveCfg = Release|x86
		{A1740B3A-C4CB-4711-9980-1A5A85AB9DFF}.Release|Mixed Platforms.ActiveCfg = Release|x86
		{A1740B3A-C4CB-4711-9980-1A5A85AB9DFF}.Release|Mixed Platforms.Build.0 = Release|x86
		{A1740B3A-C4CB-4711-9980-1A5A85AB9DFF}.Release|x86.ActiveCfg = Release|x86
		{A1740B3A-C4CB-4711-9980-1A5A85AB9DFF}.Release|x86.Build.0 = Release|x86
		{A1740B3A-C4CB-4711-9980-1A5A85AB9DFF}.Release|Xbox 360.ActiveCfg = Release|x86
		{A1740B3A-C4CB-4711-9980-1A5A85AB9DFF}.Release|Zune.ActiveCfg = Release|x86
		{416A4220-5358-4393-ADD2-7AA8B7B72798}.Debug|Any CPU.ActiveCfg = Debug|x86
		{416A4220-5358-4393-ADD2-7AA8B7B72798}.Debug|Mixed Platforms.ActiveCfg = Debug|x86
		{416A4220-5358-4393-ADD2-7AA8B7B72798}.Debug|Mixed Platforms.Build.0 = Debug|x86
		{416A4220-5358-4393-ADD2-7AA8B7B72798}.Debug|x86.ActiveCfg = Debug|x86
		{416A4220-5358-4393-ADD2-7AA8B7B72798}.Debug|x86.Build.0 = Debug|x86
		{416A4220-5358-4393-ADD2-7AA8B7B72798}.Debug|Xbox 360.ActiveCfg = Debug|x86
		{416A4220-5358-4393-ADD2-7AA8B7B72798}.Debug|Zune.ActiveCfg = Debug|x86
		{416A4220-5358-4393-ADD2-7AA8B7B72798}.Part1|Any CPU.ActiveCfg = Release|x86
		{416A4220-5358-4393-ADD2-7AA8B7B72798}.Part1|Mixed Platforms.ActiveCfg = Release|x86
		{416A4220-5358-4393-ADD2-7AA8B7B72798}.Part1|Mixed Platforms.Build.0 = Release|x86
		{416A4220-5358-4393-ADD2-7AA8B7B72798}.Part1|x86.ActiveCfg = Release|x86
		{416A4220-5358-4393-ADD2-7AA8B7B72798}.Part1|x86.Build.0 = Release|x86
		{416A4220-5358-4393-ADD2-7AA8B7B72798}.Part1|Xbox 360.ActiveCfg = Release|x86
		{416A4220-5358-4393-ADD2-7AA8B7B72798}.Part1|Zune.ActiveCfg = Release|x86
		{416A4220-5358-4393-ADD2-7AA8B7B72798}.Release|Any CPU.ActiveCfg = Release|x86
		{416A4220-5358-4393-ADD2-7AA8B7B72798}.Release|Mixed Platforms.ActiveCfg = Release|x86
		{416A4220-5358-4393-ADD2-7AA8B7B72798}.Release|Mixed Platforms.Build.0 = Release|x86
		{416A4220-5358-4393-ADD2-7AA8B7B72798}.Release|x86.ActiveCfg = Release|x86
		{416A4220-5358-4393-ADD2-7AA8B7B72798}.Release|x86.Build.0 = Release|x86
		{416A4220-5358-4393-ADD2-7AA8B7B72798}.Release|Xbox 360.ActiveCfg = Release|x86
		{416A4220-5358-4393-ADD2-7AA8B7B72798}.Release|Zune.ActiveCfg = Release|x86
		{7AD9DE09-1BCD-4260-8E32-6F2C8F57EE98}.Debug|Any CPU.ActiveCfg = Debug|x86
		{7AD9DE09-1BCD-4260-8E32-6F2C8F57EE98}.Debug|Mixed Platforms.ActiveCfg = Debug|x86
		{7AD9DE09-1BCD-4260-8E32-6F2C8F57EE98}.Debug|Mixed Platforms.Build.0 = Debug|x86
		{7AD9DE09-1BCD-4260-8E32-6F2C8F57EE98}.Debug|x86.ActiveCfg = Debug|x86
		{7AD9DE09-1BCD-4260-8E32-6F2C8F57EE98}.Debug|x86.Build.0 = Debug|x86
		{7AD9DE09-1BCD-4260-8E32-6F2C8F57EE98}.Debug|Xbox 360.ActiveCfg = Debug|x86
		{7AD9DE09-1BCD-4260-8E32-6F2C8F57EE98}.Debug|Zune.ActiveCfg = Debug|x86
		{7AD9DE09-1BCD-4260-8E32-6F2C8F57EE98}.Part1|Any CPU.ActiveCfg = Release|x86
		{7AD9DE09-1BCD-4260-8E32-6F2C8F57EE98}.Part1|Mixed Platforms.ActiveCfg = Release|x86
		{7AD9DE09-1BCD-4260-8E32-6F2C8F57EE98}.Part1|Mixed Platforms.Build.0 = Release|x86
		{7AD9DE09-1BCD-4260-8E32-6F2C8F57EE98}.Part1|x86.ActiveCfg = Release|x86
		{7AD9DE09-1BCD-4260-8E32-6F2C8F57EE98}.Part1|x86.Build.0 = Release|x86
		{7AD9DE09-1BCD-4260-8E32-6F2C8F57EE98}.Part1|Xbox 360.ActiveCfg = Release|x86
		{7AD9DE09-1BCD-4260-8E32-6F2C8F57EE98}.Part1|Zune.ActiveCfg = Release|x86
		{7AD9DE09-1BCD-4260-8E32-6F2C8F57EE98}.Release|Any CPU.ActiveCfg = Release|x86
		{7AD9DE09-1BCD-4260-8E32-6F2C8F57EE98}.Release|Mixed Platforms.ActiveCfg = Release|x86
		{7AD9DE09-1BCD-4260-8E32-6F2C8F57EE98}.Release|Mixed Platforms.Build.0 = Release|x86
		{7AD9DE09-1BCD-4260-8E32-6F2C8F57EE98}.Release|x86.ActiveCfg = Release|x86
		{7AD9DE09-1BCD-4260-8E32-6F2C8F57EE98}.Release|x86.Build.0 = Release|x86
		{7AD9DE09-1BCD-4260-8E32-6F2C8F57EE98}.Release|Xbox 360.ActiveCfg = Release|x86
		{7AD9DE09-1BCD-4260-8E32-6F2C8F57EE98}.Release|Zune.ActiveCfg = Release|x86
		{A7225BBB-0251-4C2C-ACA4-84DEE55721DA}.Debug|Any CPU.ActiveCfg = Debug|Any CPU
		{A7225BBB-0251-4C2C-ACA4-84DEE55721DA}.Debug|Any CPU.Build.0 = Debug|Any CPU
		{A7225BBB-0251-4C2C-ACA4-84DEE55721DA}.Debug|Mixed Platforms.ActiveCfg = Debug|Any CPU
		{A7225BBB-0251-4C2C-ACA4-84DEE55721DA}.Debug|Mixed Platforms.Build.0 = Debug|Any CPU
		{A7225BBB-0251-4C2C-ACA4-84DEE55721DA}.Debug|x86.ActiveCfg = Debug|Any CPU
		{A7225BBB-0251-4C2C-ACA4-84DEE55721DA}.Debug|Xbox 360.ActiveCfg = Debug|Any CPU
		{A7225BBB-0251-4C2C-ACA4-84DEE55721DA}.Debug|Zune.ActiveCfg = Debug|Any CPU
		{A7225BBB-0251-4C2C-ACA4-84DEE55721DA}.Part1|Any CPU.ActiveCfg = Release|Any CPU
		{A7225BBB-0251-4C2C-ACA4-84DEE55721DA}.Part1|Any CPU.Build.0 = Release|Any CPU
		{A7225BBB-0251-4C2C-ACA4-84DEE55721DA}.Part1|Mixed Platforms.ActiveCfg = Release|Any CPU
		{A7225BBB-0251-4C2C-ACA4-84DEE55721DA}.Part1|Mixed Platforms.Build.0 = Release|Any CPU
		{A7225BBB-0251-4C2C-ACA4-84DEE55721DA}.Part1|x86.ActiveCfg = Release|Any CPU
		{A7225BBB-0251-4C2C-ACA4-84DEE55721DA}.Part1|Xbox 360.ActiveCfg = Release|Any CPU
		{A7225BBB-0251-4C2C-ACA4-84DEE55721DA}.Part1|Zune.ActiveCfg = Release|Any CPU
		{A7225BBB-0251-4C2C-ACA4-84DEE55721DA}.Release|Any CPU.ActiveCfg = Release|Any CPU
		{A7225BBB-0251-4C2C-ACA4-84DEE55721DA}.Release|Any CPU.Build.0 = Release|Any CPU
		{A7225BBB-0251-4C2C-ACA4-84DEE55721DA}.Release|Mixed Platforms.ActiveCfg = Release|Any CPU
		{A7225BBB-0251-4C2C-ACA4-84DEE55721DA}.Release|Mixed Platforms.Build.0 = Release|Any CPU
		{A7225BBB-0251-4C2C-ACA4-84DEE55721DA}.Release|x86.ActiveCfg = Release|Any CPU
		{A7225BBB-0251-4C2C-ACA4-84DEE55721DA}.Release|Xbox 360.ActiveCfg = Release|Any CPU
		{A7225BBB-0251-4C2C-ACA4-84DEE55721DA}.Release|Zune.ActiveCfg = Release|Any CPU
		{194A3983-C21B-4250-8A66-A09E4946F4DA}.Debug|Any CPU.ActiveCfg = Debug|x86
		{194A3983-C21B-4250-8A66-A09E4946F4DA}.Debug|Mixed Platforms.ActiveCfg = Debug|x86
		{194A3983-C21B-4250-8A66-A09E4946F4DA}.Debug|Mixed Platforms.Build.0 = Debug|x86
		{194A3983-C21B-4250-8A66-A09E4946F4DA}.Debug|x86.ActiveCfg = Debug|x86
		{194A3983-C21B-4250-8A66-A09E4946F4DA}.Debug|x86.Build.0 = Debug|x86
		{194A3983-C21B-4250-8A66-A09E4946F4DA}.Debug|Xbox 360.ActiveCfg = Debug|x86
		{194A3983-C21B-4250-8A66-A09E4946F4DA}.Debug|Zune.ActiveCfg = Debug|x86
		{194A3983-C21B-4250-8A66-A09E4946F4DA}.Part1|Any CPU.ActiveCfg = Release|x86
		{194A3983-C21B-4250-8A66-A09E4946F4DA}.Part1|Mixed Platforms.ActiveCfg = Release|x86
		{194A3983-C21B-4250-8A66-A09E4946F4DA}.Part1|Mixed Platforms.Build.0 = Release|x86
		{194A3983-C21B-4250-8A66-A09E4946F4DA}.Part1|x86.ActiveCfg = Release|x86
		{194A3983-C21B-4250-8A66-A09E4946F4DA}.Part1|x86.Build.0 = Release|x86
		{194A3983-C21B-4250-8A66-A09E4946F4DA}.Part1|Xbox 360.ActiveCfg = Release|x86
		{194A3983-C21B-4250-8A66-A09E4946F4DA}.Part1|Zune.ActiveCfg = Release|x86
		{194A3983-C21B-4250-8A66-A09E4946F4DA}.Release|Any CPU.ActiveCfg = Release|x86
		{194A3983-C21B-4250-8A66-A09E4946F4DA}.Release|Mixed Platforms.ActiveCfg = Release|x86
		{194A3983-C21B-4250-8A66-A09E4946F4DA}.Release|Mixed Platforms.Build.0 = Release|x86
		{194A3983-C21B-4250-8A66-A09E4946F4DA}.Release|x86.ActiveCfg = Release|x86
		{194A3983-C21B-4250-8A66-A09E4946F4DA}.Release|x86.Build.0 = Release|x86
		{194A3983-C21B-4250-8A66-A09E4946F4DA}.Release|Xbox 360.ActiveCfg = Release|x86
		{194A3983-C21B-4250-8A66-A09E4946F4DA}.Release|Zune.ActiveCfg = Release|x86
		{4E4F8661-75CA-4425-967E-93A82F7237F9}.Debug|Any CPU.ActiveCfg = Debug|x86
		{4E4F8661-75CA-4425-967E-93A82F7237F9}.Debug|Mixed Platforms.ActiveCfg = Debug|x86
		{4E4F8661-75CA-4425-967E-93A82F7237F9}.Debug|Mixed Platforms.Build.0 = Debug|x86
		{4E4F8661-75CA-4425-967E-93A82F7237F9}.Debug|x86.ActiveCfg = Debug|x86
		{4E4F8661-75CA-4425-967E-93A82F7237F9}.Debug|x86.Build.0 = Debug|x86
		{4E4F8661-75CA-4425-967E-93A82F7237F9}.Debug|Xbox 360.ActiveCfg = Debug|x86
		{4E4F8661-75CA-4425-967E-93A82F7237F9}.Debug|Zune.ActiveCfg = Debug|x86
		{4E4F8661-75CA-4425-967E-93A82F7237F9}.Part1|Any CPU.ActiveCfg = Release|x86
		{4E4F8661-75CA-4425-967E-93A82F7237F9}.Part1|Mixed Platforms.ActiveCfg = Release|x86
		{4E4F8661-75CA-4425-967E-93A82F7237F9}.Part1|Mixed Platforms.Build.0 = Release|x86
		{4E4F8661-75CA-4425-967E-93A82F7237F9}.Part1|x86.ActiveCfg = Release|x86
		{4E4F8661-75CA-4425-967E-93A82F7237F9}.Part1|x86.Build.0 = Release|x86
		{4E4F8661-75CA-4425-967E-93A82F7237F9}.Part1|Xbox 360.ActiveCfg = Release|x86
		{4E4F8661-75CA-4425-967E-93A82F7237F9}.Part1|Zune.ActiveCfg = Release|x86
		{4E4F8661-75CA-4425-967E-93A82F7237F9}.Release|Any CPU.ActiveCfg = Release|x86
		{4E4F8661-75CA-4425-967E-93A82F7237F9}.Release|Mixed Platforms.ActiveCfg = Release|x86
		{4E4F8661-75CA-4425-967E-93A82F7237F9}.Release|Mixed Platforms.Build.0 = Release|x86
		{4E4F8661-75CA-4425-967E-93A82F7237F9}.Release|x86.ActiveCfg = Release|x86
		{4E4F8661-75CA-4425-967E-93A82F7237F9}.Release|x86.Build.0 = Release|x86
		{4E4F8661-75CA-4425-967E-93A82F7237F9}.Release|Xbox 360.ActiveCfg = Release|x86
		{4E4F8661-75CA-4425-967E-93A82F7237F9}.Release|Zune.ActiveCfg = Release|x86
		{CA440307-B4D3-4151-AA53-B44D148FDB2E}.Debug|Any CPU.ActiveCfg = Debug|x86
		{CA440307-B4D3-4151-AA53-B44D148FDB2E}.Debug|Mixed Platforms.ActiveCfg = Debug|x86
		{CA440307-B4D3-4151-AA53-B44D148FDB2E}.Debug|Mixed Platforms.Build.0 = Debug|x86
		{CA440307-B4D3-4151-AA53-B44D148FDB2E}.Debug|x86.ActiveCfg = Debug|x86
		{CA440307-B4D3-4151-AA53-B44D148FDB2E}.Debug|x86.Build.0 = Debug|x86
		{CA440307-B4D3-4151-AA53-B44D148FDB2E}.Debug|Xbox 360.ActiveCfg = Debug|x86
		{CA440307-B4D3-4151-AA53-B44D148FDB2E}.Debug|Zune.ActiveCfg = Debug|x86
		{CA440307-B4D3-4151-AA53-B44D148FDB2E}.Part1|Any CPU.ActiveCfg = Release|x86
		{CA440307-B4D3-4151-AA53-B44D148FDB2E}.Part1|Mixed Platforms.ActiveCfg = Release|x86
		{CA440307-B4D3-4151-AA53-B44D148FDB2E}.Part1|Mixed Platforms.Build.0 = Release|x86
		{CA440307-B4D3-4151-AA53-B44D148FDB2E}.Part1|x86.ActiveCfg = Release|x86
		{CA440307-B4D3-4151-AA53-B44D148FDB2E}.Part1|x86.Build.0 = Release|x86
		{CA440307-B4D3-4151-AA53-B44D148FDB2E}.Part1|Xbox 360.ActiveCfg = Release|x86
		{CA440307-B4D3-4151-AA53-B44D148FDB2E}.Part1|Zune.ActiveCfg = Release|x86
		{CA440307-B4D3-4151-AA53-B44D148FDB2E}.Release|Any CPU.ActiveCfg = Release|x86
		{CA440307-B4D3-4151-AA53-B44D148FDB2E}.Release|Mixed Platforms.ActiveCfg = Release|x86
		{CA440307-B4D3-4151-AA53-B44D148FDB2E}.Release|Mixed Platforms.Build.0 = Release|x86
		{CA440307-B4D3-4151-AA53-B44D148FDB2E}.Release|x86.ActiveCfg = Release|x86
		{CA440307-B4D3-4151-AA53-B44D148FDB2E}.Release|x86.Build.0 = Release|x86
		{CA440307-B4D3-4151-AA53-B44D148FDB2E}.Release|Xbox 360.ActiveCfg = Release|x86
		{CA440307-B4D3-4151-AA53-B44D148FDB2E}.Release|Zune.ActiveCfg = Release|x86
		{9E2D6D32-094D-4F7B-8871-EC5673D514D0}.Debug|Any CPU.ActiveCfg = Debug|x86
		{9E2D6D32-094D-4F7B-8871-EC5673D514D0}.Debug|Mixed Platforms.ActiveCfg = Debug|x86
		{9E2D6D32-094D-4F7B-8871-EC5673D514D0}.Debug|Mixed Platforms.Build.0 = Debug|x86
		{9E2D6D32-094D-4F7B-8871-EC5673D514D0}.Debug|x86.ActiveCfg = Debug|x86
		{9E2D6D32-094D-4F7B-8871-EC5673D514D0}.Debug|x86.Build.0 = Debug|x86
		{9E2D6D32-094D-4F7B-8871-EC5673D514D0}.Debug|Xbox 360.ActiveCfg = Debug|x86
		{9E2D6D32-094D-4F7B-8871-EC5673D514D0}.Debug|Zune.ActiveCfg = Debug|x86
		{9E2D6D32-094D-4F7B-8871-EC5673D514D0}.Part1|Any CPU.ActiveCfg = Release|x86
		{9E2D6D32-094D-4F7B-8871-EC5673D514D0}.Part1|Mixed Platforms.ActiveCfg = Release|x86
		{9E2D6D32-094D-4F7B-8871-EC5673D514D0}.Part1|Mixed Platforms.Build.0 = Release|x86
		{9E2D6D32-094D-4F7B-8871-EC5673D514D0}.Part1|x86.ActiveCfg = Release|x86
		{9E2D6D32-094D-4F7B-8871-EC5673D514D0}.Part1|x86.Build.0 = Release|x86
		{9E2D6D32-094D-4F7B-8871-EC5673D514D0}.Part1|Xbox 360.ActiveCfg = Release|x86
		{9E2D6D32-094D-4F7B-8871-EC5673D514D0}.Part1|Zune.ActiveCfg = Release|x86
		{9E2D6D32-094D-4F7B-8871-EC5673D514D0}.Release|Any CPU.ActiveCfg = Release|x86
		{9E2D6D32-094D-4F7B-8871-EC5673D514D0}.Release|Mixed Platforms.ActiveCfg = Release|x86
		{9E2D6D32-094D-4F7B-8871-EC5673D514D0}.Release|Mixed Platforms.Build.0 = Release|x86
		{9E2D6D32-094D-4F7B-8871-EC5673D514D0}.Release|x86.ActiveCfg = Release|x86
		{9E2D6D32-094D-4F7B-8871-EC5673D514D0}.Release|x86.Build.0 = Release|x86
		{9E2D6D32-094D-4F7B-8871-EC5673D514D0}.Release|Xbox 360.ActiveCfg = Release|x86
		{9E2D6D32-094D-4F7B-8871-EC5673D514D0}.Release|Zune.ActiveCfg = Release|x86
		{FCECBB91-A9B8-42D6-B724-BE22093AB23A}.Debug|Any CPU.ActiveCfg = Debug|Any CPU
		{FCECBB91-A9B8-42D6-B724-BE22093AB23A}.Debug|Any CPU.Build.0 = Debug|Any CPU
		{FCECBB91-A9B8-42D6-B724-BE22093AB23A}.Debug|Mixed Platforms.ActiveCfg = Debug|Any CPU
		{FCECBB91-A9B8-42D6-B724-BE22093AB23A}.Debug|Mixed Platforms.Build.0 = Debug|Any CPU
		{FCECBB91-A9B8-42D6-B724-BE22093AB23A}.Debug|x86.ActiveCfg = Debug|Any CPU
		{FCECBB91-A9B8-42D6-B724-BE22093AB23A}.Debug|Xbox 360.ActiveCfg = Debug|Any CPU
		{FCECBB91-A9B8-42D6-B724-BE22093AB23A}.Debug|Zune.ActiveCfg = Debug|Any CPU
		{FCECBB91-A9B8-42D6-B724-BE22093AB23A}.Part1|Any CPU.ActiveCfg = Release|Any CPU
		{FCECBB91-A9B8-42D6-B724-BE22093AB23A}.Part1|Any CPU.Build.0 = Release|Any CPU
		{FCECBB91-A9B8-42D6-B724-BE22093AB23A}.Part1|Mixed Platforms.ActiveCfg = Release|Any CPU
		{FCECBB91-A9B8-42D6-B724-BE22093AB23A}.Part1|Mixed Platforms.Build.0 = Release|Any CPU
		{FCECBB91-A9B8-42D6-B724-BE22093AB23A}.Part1|x86.ActiveCfg = Release|Any CPU
		{FCECBB91-A9B8-42D6-B724-BE22093AB23A}.Part1|Xbox 360.ActiveCfg = Release|Any CPU
		{FCECBB91-A9B8-42D6-B724-BE22093AB23A}.Part1|Zune.ActiveCfg = Release|Any CPU
		{FCECBB91-A9B8-42D6-B724-BE22093AB23A}.Release|Any CPU.ActiveCfg = Release|Any CPU
		{FCECBB91-A9B8-42D6-B724-BE22093AB23A}.Release|Any CPU.Build.0 = Release|Any CPU
		{FCECBB91-A9B8-42D6-B724-BE22093AB23A}.Release|Mixed Platforms.ActiveCfg = Release|Any CPU
		{FCECBB91-A9B8-42D6-B724-BE22093AB23A}.Release|Mixed Platforms.Build.0 = Release|Any CPU
		{FCECBB91-A9B8-42D6-B724-BE22093AB23A}.Release|x86.ActiveCfg = Release|Any CPU
		{FCECBB91-A9B8-42D6-B724-BE22093AB23A}.Release|Xbox 360.ActiveCfg = Release|Any CPU
		{FCECBB91-A9B8-42D6-B724-BE22093AB23A}.Release|Zune.ActiveCfg = Release|Any CPU
		{AAA7FCD2-9EE8-417C-9786-D6394E40ECE2}.Debug|Any CPU.ActiveCfg = Debug|x86
		{AAA7FCD2-9EE8-417C-9786-D6394E40ECE2}.Debug|Mixed Platforms.ActiveCfg = Debug|x86
		{AAA7FCD2-9EE8-417C-9786-D6394E40ECE2}.Debug|Mixed Platforms.Build.0 = Debug|x86
		{AAA7FCD2-9EE8-417C-9786-D6394E40ECE2}.Debug|x86.ActiveCfg = Debug|x86
		{AAA7FCD2-9EE8-417C-9786-D6394E40ECE2}.Debug|x86.Build.0 = Debug|x86
		{AAA7FCD2-9EE8-417C-9786-D6394E40ECE2}.Debug|Xbox 360.ActiveCfg = Debug|x86
		{AAA7FCD2-9EE8-417C-9786-D6394E40ECE2}.Debug|Zune.ActiveCfg = Debug|x86
		{AAA7FCD2-9EE8-417C-9786-D6394E40ECE2}.Part1|Any CPU.ActiveCfg = Release|x86
		{AAA7FCD2-9EE8-417C-9786-D6394E40ECE2}.Part1|Mixed Platforms.ActiveCfg = Release|x86
		{AAA7FCD2-9EE8-417C-9786-D6394E40ECE2}.Part1|Mixed Platforms.Build.0 = Release|x86
		{AAA7FCD2-9EE8-417C-9786-D6394E40ECE2}.Part1|x86.ActiveCfg = Release|x86
		{AAA7FCD2-9EE8-417C-9786-D6394E40ECE2}.Part1|x86.Build.0 = Release|x86
		{AAA7FCD2-9EE8-417C-9786-D6394E40ECE2}.Part1|Xbox 360.ActiveCfg = Release|x86
		{AAA7FCD2-9EE8-417C-9786-D6394E40ECE2}.Part1|Zune.ActiveCfg = Release|x86
		{AAA7FCD2-9EE8-417C-9786-D6394E40ECE2}.Release|Any CPU.ActiveCfg = Release|x86
		{AAA7FCD2-9EE8-417C-9786-D6394E40ECE2}.Release|Mixed Platforms.ActiveCfg = Release|x86
		{AAA7FCD2-9EE8-417C-9786-D6394E40ECE2}.Release|Mixed Platforms.Build.0 = Release|x86
		{AAA7FCD2-9EE8-417C-9786-D6394E40ECE2}.Release|x86.ActiveCfg = Release|x86
		{AAA7FCD2-9EE8-417C-9786-D6394E40ECE2}.Release|x86.Build.0 = Release|x86
		{AAA7FCD2-9EE8-417C-9786-D6394E40ECE2}.Release|Xbox 360.ActiveCfg = Release|x86
		{AAA7FCD2-9EE8-417C-9786-D6394E40ECE2}.Release|Zune.ActiveCfg = Release|x86
		{4AAECDA3-79B3-4D4C-BA79-290EED47226B}.Debug|Any CPU.ActiveCfg = Debug|x86
		{4AAECDA3-79B3-4D4C-BA79-290EED47226B}.Debug|Mixed Platforms.ActiveCfg = Debug|x86
		{4AAECDA3-79B3-4D4C-BA79-290EED47226B}.Debug|Mixed Platforms.Build.0 = Debug|x86
		{4AAECDA3-79B3-4D4C-BA79-290EED47226B}.Debug|x86.ActiveCfg = Debug|x86
		{4AAECDA3-79B3-4D4C-BA79-290EED47226B}.Debug|x86.Build.0 = Debug|x86
		{4AAECDA3-79B3-4D4C-BA79-290EED47226B}.Debug|Xbox 360.ActiveCfg = Debug|x86
		{4AAECDA3-79B3-4D4C-BA79-290EED47226B}.Debug|Zune.ActiveCfg = Debug|x86
		{4AAECDA3-79B3-4D4C-BA79-290EED47226B}.Part1|Any CPU.ActiveCfg = Debug|x86
		{4AAECDA3-79B3-4D4C-BA79-290EED47226B}.Part1|Mixed Platforms.ActiveCfg = Debug|x86
		{4AAECDA3-79B3-4D4C-BA79-290EED47226B}.Part1|Mixed Platforms.Build.0 = Debug|x86
		{4AAECDA3-79B3-4D4C-BA79-290EED47226B}.Part1|x86.ActiveCfg = Debug|x86
		{4AAECDA3-79B3-4D4C-BA79-290EED47226B}.Part1|x86.Build.0 = Debug|x86
		{4AAECDA3-79B3-4D4C-BA79-290EED47226B}.Part1|Xbox 360.ActiveCfg = Debug|x86
		{4AAECDA3-79B3-4D4C-BA79-290EED47226B}.Part1|Zune.ActiveCfg = Debug|x86
		{4AAECDA3-79B3-4D4C-BA79-290EED47226B}.Release|Any CPU.ActiveCfg = Debug|x86
		{4AAECDA3-79B3-4D4C-BA79-290EED47226B}.Release|Mixed Platforms.ActiveCfg = Debug|x86
		{4AAECDA3-79B3-4D4C-BA79-290EED47226B}.Release|Mixed Platforms.Build.0 = Debug|x86
		{4AAECDA3-79B3-4D4C-BA79-290EED47226B}.Release|x86.ActiveCfg = Debug|x86
		{4AAECDA3-79B3-4D4C-BA79-290EED47226B}.Release|x86.Build.0 = Debug|x86
		{4AAECDA3-79B3-4D4C-BA79-290EED47226B}.Release|Xbox 360.ActiveCfg = Debug|x86
		{4AAECDA3-79B3-4D4C-BA79-290EED47226B}.Release|Zune.ActiveCfg = Debug|x86
		{DA5739F7-5FCB-4CEC-82DE-5B946155BA83}.Debug|Any CPU.ActiveCfg = Debug|x86
		{DA5739F7-5FCB-4CEC-82DE-5B946155BA83}.Debug|Any CPU.Build.0 = Debug|x86
		{DA5739F7-5FCB-4CEC-82DE-5B946155BA83}.Debug|Mixed Platforms.ActiveCfg = Debug|x86
		{DA5739F7-5FCB-4CEC-82DE-5B946155BA83}.Debug|Mixed Platforms.Build.0 = Debug|x86
		{DA5739F7-5FCB-4CEC-82DE-5B946155BA83}.Debug|x86.ActiveCfg = Debug|x86
		{DA5739F7-5FCB-4CEC-82DE-5B946155BA83}.Debug|x86.Build.0 = Debug|x86
		{DA5739F7-5FCB-4CEC-82DE-5B946155BA83}.Debug|Xbox 360.ActiveCfg = Debug|x86
		{DA5739F7-5FCB-4CEC-82DE-5B946155BA83}.Debug|Xbox 360.Build.0 = Debug|x86
		{DA5739F7-5FCB-4CEC-82DE-5B946155BA83}.Debug|Zune.ActiveCfg = Debug|x86
		{DA5739F7-5FCB-4CEC-82DE-5B946155BA83}.Debug|Zune.Build.0 = Debug|x86
		{DA5739F7-5FCB-4CEC-82DE-5B946155BA83}.Part1|Any CPU.ActiveCfg = Debug|x86
		{DA5739F7-5FCB-4CEC-82DE-5B946155BA83}.Part1|Mixed Platforms.ActiveCfg = Debug|x86
		{DA5739F7-5FCB-4CEC-82DE-5B946155BA83}.Part1|Mixed Platforms.Build.0 = Debug|x86
		{DA5739F7-5FCB-4CEC-82DE-5B946155BA83}.Part1|x86.ActiveCfg = Debug|x86
		{DA5739F7-5FCB-4CEC-82DE-5B946155BA83}.Part1|x86.Build.0 = Debug|x86
		{DA5739F7-5FCB-4CEC-82DE-5B946155BA83}.Part1|Xbox 360.ActiveCfg = Debug|x86
		{DA5739F7-5FCB-4CEC-82DE-5B946155BA83}.Part1|Zune.ActiveCfg = Debug|x86
		{DA5739F7-5FCB-4CEC-82DE-5B946155BA83}.Release|Any CPU.ActiveCfg = Debug|x86
		{DA5739F7-5FCB-4CEC-82DE-5B946155BA83}.Release|Any CPU.Build.0 = Debug|x86
		{DA5739F7-5FCB-4CEC-82DE-5B946155BA83}.Release|Mixed Platforms.ActiveCfg = Debug|x86
		{DA5739F7-5FCB-4CEC-82DE-5B946155BA83}.Release|Mixed Platforms.Build.0 = Debug|x86
		{DA5739F7-5FCB-4CEC-82DE-5B946155BA83}.Release|x86.ActiveCfg = Debug|x86
		{DA5739F7-5FCB-4CEC-82DE-5B946155BA83}.Release|x86.Build.0 = Debug|x86
		{DA5739F7-5FCB-4CEC-82DE-5B946155BA83}.Release|Xbox 360.ActiveCfg = Debug|x86
		{DA5739F7-5FCB-4CEC-82DE-5B946155BA83}.Release|Xbox 360.Build.0 = Debug|x86
		{DA5739F7-5FCB-4CEC-82DE-5B946155BA83}.Release|Zune.ActiveCfg = Debug|x86
		{DA5739F7-5FCB-4CEC-82DE-5B946155BA83}.Release|Zune.Build.0 = Debug|x86
		{8C39112B-CBB4-4F62-BC53-07588BE25BE9}.Debug|Any CPU.ActiveCfg = Debug|x86
		{8C39112B-CBB4-4F62-BC53-07588BE25BE9}.Debug|Mixed Platforms.ActiveCfg = Debug|x86
		{8C39112B-CBB4-4F62-BC53-07588BE25BE9}.Debug|Mixed Platforms.Build.0 = Debug|x86
		{8C39112B-CBB4-4F62-BC53-07588BE25BE9}.Debug|x86.ActiveCfg = Debug|x86
		{8C39112B-CBB4-4F62-BC53-07588BE25BE9}.Debug|x86.Build.0 = Debug|x86
		{8C39112B-CBB4-4F62-BC53-07588BE25BE9}.Debug|Xbox 360.ActiveCfg = Debug|x86
		{8C39112B-CBB4-4F62-BC53-07588BE25BE9}.Debug|Zune.ActiveCfg = Debug|x86
		{8C39112B-CBB4-4F62-BC53-07588BE25BE9}.Part1|Any CPU.ActiveCfg = Release|x86
		{8C39112B-CBB4-4F62-BC53-07588BE25BE9}.Part1|Mixed Platforms.ActiveCfg = Release|x86
		{8C39112B-CBB4-4F62-BC53-07588BE25BE9}.Part1|Mixed Platforms.Build.0 = Release|x86
		{8C39112B-CBB4-4F62-BC53-07588BE25BE9}.Part1|x86.ActiveCfg = Release|x86
		{8C39112B-CBB4-4F62-BC53-07588BE25BE9}.Part1|x86.Build.0 = Release|x86
		{8C39112B-CBB4-4F62-BC53-07588BE25BE9}.Part1|Xbox 360.ActiveCfg = Release|x86
		{8C39112B-CBB4-4F62-BC53-07588BE25BE9}.Part1|Zune.ActiveCfg = Release|x86
		{8C39112B-CBB4-4F62-BC53-07588BE25BE9}.Release|Any CPU.ActiveCfg = Release|x86
		{8C39112B-CBB4-4F62-BC53-07588BE25BE9}.Release|Mixed Platforms.ActiveCfg = Release|x86
		{8C39112B-CBB4-4F62-BC53-07588BE25BE9}.Release|Mixed Platforms.Build.0 = Release|x86
		{8C39112B-CBB4-4F62-BC53-07588BE25BE9}.Release|x86.ActiveCfg = Release|x86
		{8C39112B-CBB4-4F62-BC53-07588BE25BE9}.Release|x86.Build.0 = Release|x86
		{8C39112B-CBB4-4F62-BC53-07588BE25BE9}.Release|Xbox 360.ActiveCfg = Release|x86
		{8C39112B-CBB4-4F62-BC53-07588BE25BE9}.Release|Zune.ActiveCfg = Release|x86
		{2EF03E81-710E-4FD4-9BCB-F18C2C1CC95E}.Debug|Any CPU.ActiveCfg = Debug|Any CPU
		{2EF03E81-710E-4FD4-9BCB-F18C2C1CC95E}.Debug|Any CPU.Build.0 = Debug|Any CPU
		{2EF03E81-710E-4FD4-9BCB-F18C2C1CC95E}.Debug|Mixed Platforms.ActiveCfg = Debug|Any CPU
		{2EF03E81-710E-4FD4-9BCB-F18C2C1CC95E}.Debug|Mixed Platforms.Build.0 = Debug|Any CPU
		{2EF03E81-710E-4FD4-9BCB-F18C2C1CC95E}.Debug|x86.ActiveCfg = Debug|Any CPU
		{2EF03E81-710E-4FD4-9BCB-F18C2C1CC95E}.Debug|Xbox 360.ActiveCfg = Debug|Any CPU
		{2EF03E81-710E-4FD4-9BCB-F18C2C1CC95E}.Debug|Zune.ActiveCfg = Debug|Any CPU
		{2EF03E81-710E-4FD4-9BCB-F18C2C1CC95E}.Part1|Any CPU.ActiveCfg = Release|Any CPU
		{2EF03E81-710E-4FD4-9BCB-F18C2C1CC95E}.Part1|Any CPU.Build.0 = Release|Any CPU
		{2EF03E81-710E-4FD4-9BCB-F18C2C1CC95E}.Part1|Mixed Platforms.ActiveCfg = Release|Any CPU
		{2EF03E81-710E-4FD4-9BCB-F18C2C1CC95E}.Part1|Mixed Platforms.Build.0 = Release|Any CPU
		{2EF03E81-710E-4FD4-9BCB-F18C2C1CC95E}.Part1|x86.ActiveCfg = Release|Any CPU
		{2EF03E81-710E-4FD4-9BCB-F18C2C1CC95E}.Part1|Xbox 360.ActiveCfg = Release|Any CPU
		{2EF03E81-710E-4FD4-9BCB-F18C2C1CC95E}.Part1|Zune.ActiveCfg = Release|Any CPU
		{2EF03E81-710E-4FD4-9BCB-F18C2C1CC95E}.Release|Any CPU.ActiveCfg = Release|Any CPU
		{2EF03E81-710E-4FD4-9BCB-F18C2C1CC95E}.Release|Any CPU.Build.0 = Release|Any CPU
		{2EF03E81-710E-4FD4-9BCB-F18C2C1CC95E}.Release|Mixed Platforms.ActiveCfg = Release|Any CPU
		{2EF03E81-710E-4FD4-9BCB-F18C2C1CC95E}.Release|Mixed Platforms.Build.0 = Release|Any CPU
		{2EF03E81-710E-4FD4-9BCB-F18C2C1CC95E}.Release|x86.ActiveCfg = Release|Any CPU
		{2EF03E81-710E-4FD4-9BCB-F18C2C1CC95E}.Release|Xbox 360.ActiveCfg = Release|Any CPU
		{2EF03E81-710E-4FD4-9BCB-F18C2C1CC95E}.Release|Zune.ActiveCfg = Release|Any CPU
		{0D192A45-4E43-4749-9BFE-4D590546DECA}.Debug|Any CPU.ActiveCfg = Debug|Any CPU
		{0D192A45-4E43-4749-9BFE-4D590546DECA}.Debug|Any CPU.Build.0 = Debug|Any CPU
		{0D192A45-4E43-4749-9BFE-4D590546DECA}.Debug|Mixed Platforms.ActiveCfg = Debug|Any CPU
		{0D192A45-4E43-4749-9BFE-4D590546DECA}.Debug|Mixed Platforms.Build.0 = Debug|Any CPU
		{0D192A45-4E43-4749-9BFE-4D590546DECA}.Debug|x86.ActiveCfg = Debug|Any CPU
		{0D192A45-4E43-4749-9BFE-4D590546DECA}.Debug|Xbox 360.ActiveCfg = Debug|Any CPU
		{0D192A45-4E43-4749-9BFE-4D590546DECA}.Debug|Zune.ActiveCfg = Debug|Any CPU
		{0D192A45-4E43-4749-9BFE-4D590546DECA}.Part1|Any CPU.ActiveCfg = Release|Any CPU
		{0D192A45-4E43-4749-9BFE-4D590546DECA}.Part1|Any CPU.Build.0 = Release|Any CPU
		{0D192A45-4E43-4749-9BFE-4D590546DECA}.Part1|Mixed Platforms.ActiveCfg = Release|Any CPU
		{0D192A45-4E43-4749-9BFE-4D590546DECA}.Part1|Mixed Platforms.Build.0 = Release|Any CPU
		{0D192A45-4E43-4749-9BFE-4D590546DECA}.Part1|x86.ActiveCfg = Release|Any CPU
		{0D192A45-4E43-4749-9BFE-4D590546DECA}.Part1|Xbox 360.ActiveCfg = Release|Any CPU
		{0D192A45-4E43-4749-9BFE-4D590546DECA}.Part1|Zune.ActiveCfg = Release|Any CPU
		{0D192A45-4E43-4749-9BFE-4D590546DECA}.Release|Any CPU.ActiveCfg = Release|Any CPU
		{0D192A45-4E43-4749-9BFE-4D590546DECA}.Release|Any CPU.Build.0 = Release|Any CPU
		{0D192A45-4E43-4749-9BFE-4D590546DECA}.Release|Mixed Platforms.ActiveCfg = Release|Any CPU
		{0D192A45-4E43-4749-9BFE-4D590546DECA}.Release|Mixed Platforms.Build.0 = Release|Any CPU
		{0D192A45-4E43-4749-9BFE-4D590546DECA}.Release|x86.ActiveCfg = Release|Any CPU
		{0D192A45-4E43-4749-9BFE-4D590546DECA}.Release|Xbox 360.ActiveCfg = Release|Any CPU
		{0D192A45-4E43-4749-9BFE-4D590546DECA}.Release|Zune.ActiveCfg = Release|Any CPU
		{ED7E980C-CA4B-465F-9BF0-C143FB66013C}.Debug|Any CPU.ActiveCfg = Debug|Any CPU
		{ED7E980C-CA4B-465F-9BF0-C143FB66013C}.Debug|Any CPU.Build.0 = Debug|Any CPU
		{ED7E980C-CA4B-465F-9BF0-C143FB66013C}.Debug|Mixed Platforms.ActiveCfg = Debug|Any CPU
		{ED7E980C-CA4B-465F-9BF0-C143FB66013C}.Debug|Mixed Platforms.Build.0 = Debug|Any CPU
		{ED7E980C-CA4B-465F-9BF0-C143FB66013C}.Debug|x86.ActiveCfg = Debug|Any CPU
		{ED7E980C-CA4B-465F-9BF0-C143FB66013C}.Debug|Xbox 360.ActiveCfg = Debug|Any CPU
		{ED7E980C-CA4B-465F-9BF0-C143FB66013C}.Debug|Zune.ActiveCfg = Debug|Any CPU
		{ED7E980C-CA4B-465F-9BF0-C143FB66013C}.Part1|Any CPU.ActiveCfg = Release|Any CPU
		{ED7E980C-CA4B-465F-9BF0-C143FB66013C}.Part1|Any CPU.Build.0 = Release|Any CPU
		{ED7E980C-CA4B-465F-9BF0-C143FB66013C}.Part1|Mixed Platforms.ActiveCfg = Release|Any CPU
		{ED7E980C-CA4B-465F-9BF0-C143FB66013C}.Part1|Mixed Platforms.Build.0 = Release|Any CPU
		{ED7E980C-CA4B-465F-9BF0-C143FB66013C}.Part1|x86.ActiveCfg = Release|Any CPU
		{ED7E980C-CA4B-465F-9BF0-C143FB66013C}.Part1|Xbox 360.ActiveCfg = Release|Any CPU
		{ED7E980C-CA4B-465F-9BF0-C143FB66013C}.Part1|Zune.ActiveCfg = Release|Any CPU
		{ED7E980C-CA4B-465F-9BF0-C143FB66013C}.Release|Any CPU.ActiveCfg = Release|Any CPU
		{ED7E980C-CA4B-465F-9BF0-C143FB66013C}.Release|Any CPU.Build.0 = Release|Any CPU
		{ED7E980C-CA4B-465F-9BF0-C143FB66013C}.Release|Mixed Platforms.ActiveCfg = Release|Any CPU
		{ED7E980C-CA4B-465F-9BF0-C143FB66013C}.Release|Mixed Platforms.Build.0 = Release|Any CPU
		{ED7E980C-CA4B-465F-9BF0-C143FB66013C}.Release|x86.ActiveCfg = Release|Any CPU
		{ED7E980C-CA4B-465F-9BF0-C143FB66013C}.Release|Xbox 360.ActiveCfg = Release|Any CPU
		{ED7E980C-CA4B-465F-9BF0-C143FB66013C}.Release|Zune.ActiveCfg = Release|Any CPU
		{D7DB7743-B922-4330-80B8-980719D6347D}.Debug|Any CPU.ActiveCfg = Debug|x86
		{D7DB7743-B922-4330-80B8-980719D6347D}.Debug|Mixed Platforms.ActiveCfg = Debug|x86
		{D7DB7743-B922-4330-80B8-980719D6347D}.Debug|Mixed Platforms.Build.0 = Debug|x86
		{D7DB7743-B922-4330-80B8-980719D6347D}.Debug|x86.ActiveCfg = Debug|x86
		{D7DB7743-B922-4330-80B8-980719D6347D}.Debug|x86.Build.0 = Debug|x86
		{D7DB7743-B922-4330-80B8-980719D6347D}.Debug|Xbox 360.ActiveCfg = Debug|x86
		{D7DB7743-B922-4330-80B8-980719D6347D}.Debug|Zune.ActiveCfg = Debug|x86
		{D7DB7743-B922-4330-80B8-980719D6347D}.Part1|Any CPU.ActiveCfg = Release|x86
		{D7DB7743-B922-4330-80B8-980719D6347D}.Part1|Mixed Platforms.ActiveCfg = Release|x86
		{D7DB7743-B922-4330-80B8-980719D6347D}.Part1|Mixed Platforms.Build.0 = Release|x86
		{D7DB7743-B922-4330-80B8-980719D6347D}.Part1|x86.ActiveCfg = Release|x86
		{D7DB7743-B922-4330-80B8-980719D6347D}.Part1|x86.Build.0 = Release|x86
		{D7DB7743-B922-4330-80B8-980719D6347D}.Part1|Xbox 360.ActiveCfg = Release|x86
		{D7DB7743-B922-4330-80B8-980719D6347D}.Part1|Zune.ActiveCfg = Release|x86
		{D7DB7743-B922-4330-80B8-980719D6347D}.Release|Any CPU.ActiveCfg = Release|x86
		{D7DB7743-B922-4330-80B8-980719D6347D}.Release|Mixed Platforms.ActiveCfg = Release|x86
		{D7DB7743-B922-4330-80B8-980719D6347D}.Release|Mixed Platforms.Build.0 = Release|x86
		{D7DB7743-B922-4330-80B8-980719D6347D}.Release|x86.ActiveCfg = Release|x86
		{D7DB7743-B922-4330-80B8-980719D6347D}.Release|x86.Build.0 = Release|x86
		{D7DB7743-B922-4330-80B8-980719D6347D}.Release|Xbox 360.ActiveCfg = Release|x86
		{D7DB7743-B922-4330-80B8-980719D6347D}.Release|Zune.ActiveCfg = Release|x86
		{9967029A-FF34-4FEF-B274-E67C71AD775F}.Debug|Any CPU.ActiveCfg = Debug|Any CPU
		{9967029A-FF34-4FEF-B274-E67C71AD775F}.Debug|Any CPU.Build.0 = Debug|Any CPU
		{9967029A-FF34-4FEF-B274-E67C71AD775F}.Debug|Mixed Platforms.ActiveCfg = Debug|Any CPU
		{9967029A-FF34-4FEF-B274-E67C71AD775F}.Debug|Mixed Platforms.Build.0 = Debug|Any CPU
		{9967029A-FF34-4FEF-B274-E67C71AD775F}.Debug|x86.ActiveCfg = Debug|Any CPU
		{9967029A-FF34-4FEF-B274-E67C71AD775F}.Debug|Xbox 360.ActiveCfg = Debug|Any CPU
		{9967029A-FF34-4FEF-B274-E67C71AD775F}.Debug|Zune.ActiveCfg = Debug|Any CPU
		{9967029A-FF34-4FEF-B274-E67C71AD775F}.Part1|Any CPU.ActiveCfg = Release|Any CPU
		{9967029A-FF34-4FEF-B274-E67C71AD775F}.Part1|Any CPU.Build.0 = Release|Any CPU
		{9967029A-FF34-4FEF-B274-E67C71AD775F}.Part1|Mixed Platforms.ActiveCfg = Release|Any CPU
		{9967029A-FF34-4FEF-B274-E67C71AD775F}.Part1|Mixed Platforms.Build.0 = Release|Any CPU
		{9967029A-FF34-4FEF-B274-E67C71AD775F}.Part1|x86.ActiveCfg = Release|Any CPU
		{9967029A-FF34-4FEF-B274-E67C71AD775F}.Part1|Xbox 360.ActiveCfg = Release|Any CPU
		{9967029A-FF34-4FEF-B274-E67C71AD775F}.Part1|Zune.ActiveCfg = Release|Any CPU
		{9967029A-FF34-4FEF-B274-E67C71AD775F}.Release|Any CPU.ActiveCfg = Release|Any CPU
		{9967029A-FF34-4FEF-B274-E67C71AD775F}.Release|Any CPU.Build.0 = Release|Any CPU
		{9967029A-FF34-4FEF-B274-E67C71AD775F}.Release|Mixed Platforms.ActiveCfg = Release|Any CPU
		{9967029A-FF34-4FEF-B274-E67C71AD775F}.Release|Mixed Platforms.Build.0 = Release|Any CPU
		{9967029A-FF34-4FEF-B274-E67C71AD775F}.Release|x86.ActiveCfg = Release|Any CPU
		{9967029A-FF34-4FEF-B274-E67C71AD775F}.Release|Xbox 360.ActiveCfg = Release|Any CPU
		{9967029A-FF34-4FEF-B274-E67C71AD775F}.Release|Zune.ActiveCfg = Release|Any CPU
		{FB2674B1-61A4-4CFB-986B-CB2DBB5F6B06}.Debug|Any CPU.ActiveCfg = Debug|x86
		{FB2674B1-61A4-4CFB-986B-CB2DBB5F6B06}.Debug|Mixed Platforms.ActiveCfg = Debug|x86
		{FB2674B1-61A4-4CFB-986B-CB2DBB5F6B06}.Debug|Mixed Platforms.Build.0 = Debug|x86
		{FB2674B1-61A4-4CFB-986B-CB2DBB5F6B06}.Debug|x86.ActiveCfg = Debug|x86
		{FB2674B1-61A4-4CFB-986B-CB2DBB5F6B06}.Debug|x86.Build.0 = Debug|x86
		{FB2674B1-61A4-4CFB-986B-CB2DBB5F6B06}.Debug|Xbox 360.ActiveCfg = Debug|x86
		{FB2674B1-61A4-4CFB-986B-CB2DBB5F6B06}.Debug|Zune.ActiveCfg = Debug|x86
		{FB2674B1-61A4-4CFB-986B-CB2DBB5F6B06}.Part1|Any CPU.ActiveCfg = Release|x86
		{FB2674B1-61A4-4CFB-986B-CB2DBB5F6B06}.Part1|Mixed Platforms.ActiveCfg = Release|x86
		{FB2674B1-61A4-4CFB-986B-CB2DBB5F6B06}.Part1|Mixed Platforms.Build.0 = Release|x86
		{FB2674B1-61A4-4CFB-986B-CB2DBB5F6B06}.Part1|x86.ActiveCfg = Release|x86
		{FB2674B1-61A4-4CFB-986B-CB2DBB5F6B06}.Part1|x86.Build.0 = Release|x86
		{FB2674B1-61A4-4CFB-986B-CB2DBB5F6B06}.Part1|Xbox 360.ActiveCfg = Release|x86
		{FB2674B1-61A4-4CFB-986B-CB2DBB5F6B06}.Part1|Zune.ActiveCfg = Release|x86
		{FB2674B1-61A4-4CFB-986B-CB2DBB5F6B06}.Release|Any CPU.ActiveCfg = Release|x86
		{FB2674B1-61A4-4CFB-986B-CB2DBB5F6B06}.Release|Mixed Platforms.ActiveCfg = Release|x86
		{FB2674B1-61A4-4CFB-986B-CB2DBB5F6B06}.Release|Mixed Platforms.Build.0 = Release|x86
		{FB2674B1-61A4-4CFB-986B-CB2DBB5F6B06}.Release|x86.ActiveCfg = Release|x86
		{FB2674B1-61A4-4CFB-986B-CB2DBB5F6B06}.Release|x86.Build.0 = Release|x86
		{FB2674B1-61A4-4CFB-986B-CB2DBB5F6B06}.Release|Xbox 360.ActiveCfg = Release|x86
		{FB2674B1-61A4-4CFB-986B-CB2DBB5F6B06}.Release|Zune.ActiveCfg = Release|x86
	EndGlobalSection
	GlobalSection(SolutionProperties) = preSolution
		HideSolutionNode = FALSE
	EndGlobalSection
EndGlobal
